<?xml version="1.0" encoding="UTF-8"?>
<CONFIG>
  <ProjectOptions>
    <Version Value="9"/>
    <General>
      <SessionStorage Value="InProjectDir"/>
      <MainUnit Value="0"/>
      <Title Value="CryptoChat"/>
      <ResourceType Value="res"/>
      <UseXPManifest Value="True"/>
      <Icon Value="0"/>
    </General>
    <i18n>
      <EnableI18N LFM="False"/>
    </i18n>
    <VersionInfo>
      <StringTable ProductVersion=""/>
    </VersionInfo>
    <BuildModes Count="1">
      <Item1 Name="Default" Default="True"/>
    </BuildModes>
    <PublishOptions>
      <Version Value="2"/>
    </PublishOptions>
    <RunParams>
      <local>
        <FormatVersion Value="1"/>
      </local>
    </RunParams>
    <RequiredPackages Count="2">
      <Item1>
        <PackageName Value="FCL"/>
      </Item1>
      <Item2>
        <PackageName Value="LCL"/>
      </Item2>
    </RequiredPackages>
    <Units Count="61">
      <Unit0>
        <Filename Value="CryptoChat.lpr"/>
        <IsPartOfProject Value="True"/>
      </Unit0>
      <Unit1>
        <Filename Value="main.pas"/>
        <IsPartOfProject Value="True"/>
        <ComponentName Value="MainForm"/>
        <HasResources Value="True"/>
        <ResourceBaseClass Value="Form"/>
        <UnitName Value="Main"/>
      </Unit1>
      <Unit2>
        <Filename Value="FRAMES/framelogin.pas"/>
        <IsPartOfProject Value="True"/>
        <ComponentName Value="FrameLogin"/>
        <HasResources Value="True"/>
        <ResourceBaseClass Value="Frame"/>
        <UnitName Value="FrameLogin"/>
      </Unit2>
      <Unit3>
        <Filename Value="FRAMES/frameofferregisteruser.pas"/>
        <IsPartOfProject Value="True"/>
        <ComponentName Value="FrameOfferRegisterUser"/>
        <HasResources Value="True"/>
        <ResourceBaseClass Value="Frame"/>
      </Unit3>
      <Unit4>
        <Filename Value="FRAMES/frameregisteruser.pas"/>
        <IsPartOfProject Value="True"/>
        <ComponentName Value="FrameRegisterUser"/>
        <HasResources Value="True"/>
        <ResourceBaseClass Value="Frame"/>
        <UnitName Value="FrameRegisterUser"/>
      </Unit4>
      <Unit5>
        <Filename Value="ENGINE/databases.pas"/>
        <IsPartOfProject Value="True"/>
        <UnitName Value="Databases"/>
      </Unit5>
      <Unit6>
        <Filename Value="SQLITEWRAPPER/SQLite3.pas"/>
        <IsPartOfProject Value="True"/>
      </Unit6>
      <Unit7>
        <Filename Value="SQLITEWRAPPER/SQLite3Utils.pas"/>
        <IsPartOfProject Value="True"/>
      </Unit7>
      <Unit8>
        <Filename Value="SQLITEWRAPPER/SQLite3Wrap.pas"/>
        <IsPartOfProject Value="True"/>
      </Unit8>
      <Unit9>
        <Filename Value="FRAMES/framedialogs.pas"/>
        <IsPartOfProject Value="True"/>
        <ComponentName Value="FrameWithDialogs"/>
        <HasResources Value="True"/>
        <ResourceBaseClass Value="Frame"/>
        <UnitName Value="FrameDialogs"/>
      </Unit9>
      <Unit10>
        <Filename Value="FORMS/addfrienddlg.pas"/>
        <IsPartOfProject Value="True"/>
        <ComponentName Value="FormAddFriend"/>
        <HasResources Value="True"/>
        <ResourceBaseClass Value="Form"/>
        <UnitName Value="AddFriendDlg"/>
      </Unit10>
      <Unit11>
        <Filename Value="ENGINE/transports.pas"/>
        <IsPartOfProject Value="True"/>
        <UnitName Value="Transports"/>
      </Unit11>
      <Unit12>
        <Filename Value="ENGINE/mails.pas"/>
        <IsPartOfProject Value="True"/>
        <UnitName Value="Mails"/>
      </Unit12>
      <Unit13>
        <Filename Value="SYNAPSE/source/lib/asn1util.pas"/>
        <IsPartOfProject Value="True"/>
      </Unit13>
      <Unit14>
        <Filename Value="SYNAPSE/source/lib/blcksock.pas"/>
        <IsPartOfProject Value="True"/>
      </Unit14>
      <Unit15>
        <Filename Value="SYNAPSE/source/lib/clamsend.pas"/>
        <IsPartOfProject Value="True"/>
      </Unit15>
      <Unit16>
        <Filename Value="SYNAPSE/source/lib/dnssend.pas"/>
        <IsPartOfProject Value="True"/>
      </Unit16>
      <Unit17>
        <Filename Value="SYNAPSE/source/lib/ftpsend.pas"/>
        <IsPartOfProject Value="True"/>
      </Unit17>
      <Unit18>
        <Filename Value="SYNAPSE/source/lib/ftptsend.pas"/>
        <IsPartOfProject Value="True"/>
      </Unit18>
      <Unit19>
        <Filename Value="SYNAPSE/source/lib/httpsend.pas"/>
        <IsPartOfProject Value="True"/>
      </Unit19>
      <Unit20>
        <Filename Value="SYNAPSE/source/lib/imapsend.pas"/>
        <IsPartOfProject Value="True"/>
      </Unit20>
      <Unit21>
        <Filename Value="SYNAPSE/source/lib/laz_synapse.lpk"/>
        <IsPartOfProject Value="True"/>
      </Unit21>
      <Unit22>
        <Filename Value="SYNAPSE/source/lib/laz_synapse.pas"/>
        <IsPartOfProject Value="True"/>
      </Unit22>
      <Unit23>
        <Filename Value="SYNAPSE/source/lib/ldapsend.pas"/>
        <IsPartOfProject Value="True"/>
      </Unit23>
      <Unit24>
        <Filename Value="SYNAPSE/source/lib/mimeinln.pas"/>
        <IsPartOfProject Value="True"/>
      </Unit24>
      <Unit25>
        <Filename Value="SYNAPSE/source/lib/mimemess.pas"/>
        <IsPartOfProject Value="True"/>
      </Unit25>
      <Unit26>
        <Filename Value="SYNAPSE/source/lib/mimepart.pas"/>
        <IsPartOfProject Value="True"/>
      </Unit26>
      <Unit27>
        <Filename Value="SYNAPSE/source/lib/nntpsend.pas"/>
        <IsPartOfProject Value="True"/>
      </Unit27>
      <Unit28>
        <Filename Value="SYNAPSE/source/lib/pingsend.pas"/>
        <IsPartOfProject Value="True"/>
      </Unit28>
      <Unit29>
        <Filename Value="SYNAPSE/source/lib/pop3send.pas"/>
        <IsPartOfProject Value="True"/>
      </Unit29>
      <Unit30>
        <Filename Value="SYNAPSE/source/lib/slogsend.pas"/>
        <IsPartOfProject Value="True"/>
      </Unit30>
      <Unit31>
        <Filename Value="SYNAPSE/source/lib/smtpsend.pas"/>
        <IsPartOfProject Value="True"/>
      </Unit31>
      <Unit32>
        <Filename Value="SYNAPSE/source/lib/snmpsend.pas"/>
        <IsPartOfProject Value="True"/>
      </Unit32>
      <Unit33>
        <Filename Value="SYNAPSE/source/lib/sntpsend.pas"/>
        <IsPartOfProject Value="True"/>
      </Unit33>
      <Unit34>
        <Filename Value="SYNAPSE/source/lib/ssdotnet.inc"/>
        <IsPartOfProject Value="True"/>
      </Unit34>
      <Unit35>
        <Filename Value="SYNAPSE/source/lib/ssfpc.inc"/>
        <IsPartOfProject Value="True"/>
      </Unit35>
      <Unit36>
        <Filename Value="SYNAPSE/source/lib/ssl_cryptlib.pas"/>
        <IsPartOfProject Value="True"/>
      </Unit36>
      <Unit37>
        <Filename Value="SYNAPSE/source/lib/sslinux.inc"/>
        <IsPartOfProject Value="True"/>
      </Unit37>
      <Unit38>
        <Filename Value="SYNAPSE/source/lib/ssl_openssl.pas"/>
        <IsPartOfProject Value="True"/>
      </Unit38>
      <Unit39>
        <Filename Value="SYNAPSE/source/lib/ssl_openssl_lib.pas"/>
        <IsPartOfProject Value="True"/>
      </Unit39>
      <Unit40>
        <Filename Value="SYNAPSE/source/lib/ssl_sbb.pas"/>
        <IsPartOfProject Value="True"/>
      </Unit40>
      <Unit41>
        <Filename Value="SYNAPSE/source/lib/ssl_streamsec.pas"/>
        <IsPartOfProject Value="True"/>
      </Unit41>
      <Unit42>
        <Filename Value="SYNAPSE/source/lib/sswin32.inc"/>
        <IsPartOfProject Value="True"/>
      </Unit42>
      <Unit43>
        <Filename Value="SYNAPSE/source/lib/synachar.pas"/>
        <IsPartOfProject Value="True"/>
      </Unit43>
      <Unit44>
        <Filename Value="SYNAPSE/source/lib/synacode.pas"/>
        <IsPartOfProject Value="True"/>
      </Unit44>
      <Unit45>
        <Filename Value="SYNAPSE/source/lib/synacrypt.pas"/>
        <IsPartOfProject Value="True"/>
      </Unit45>
      <Unit46>
        <Filename Value="SYNAPSE/source/lib/synadbg.pas"/>
        <IsPartOfProject Value="True"/>
      </Unit46>
      <Unit47>
        <Filename Value="SYNAPSE/source/lib/synafpc.pas"/>
        <IsPartOfProject Value="True"/>
      </Unit47>
      <Unit48>
        <Filename Value="SYNAPSE/source/lib/synaicnv.pas"/>
        <IsPartOfProject Value="True"/>
      </Unit48>
      <Unit49>
        <Filename Value="SYNAPSE/source/lib/synaip.pas"/>
        <IsPartOfProject Value="True"/>
      </Unit49>
      <Unit50>
        <Filename Value="SYNAPSE/source/lib/synamisc.pas"/>
        <IsPartOfProject Value="True"/>
      </Unit50>
      <Unit51>
        <Filename Value="SYNAPSE/source/lib/synaser.pas"/>
        <IsPartOfProject Value="True"/>
      </Unit51>
      <Unit52>
        <Filename Value="SYNAPSE/source/lib/synautil.pas"/>
        <IsPartOfProject Value="True"/>
      </Unit52>
      <Unit53>
        <Filename Value="SYNAPSE/source/lib/synsock.pas"/>
        <IsPartOfProject Value="True"/>
      </Unit53>
      <Unit54>
        <Filename Value="SYNAPSE/source/lib/tlntsend.pas"/>
        <IsPartOfProject Value="True"/>
      </Unit54>
      <Unit55>
        <Filename Value="ENGINE/blowfishex.pas"/>
        <IsPartOfProject Value="True"/>
        <UnitName Value="BlowFishEx"/>
      </Unit55>
      <Unit56>
        <Filename Value="ENGINE/rsaex.pas"/>
        <IsPartOfProject Value="True"/>
        <UnitName Value="RsaEx"/>
      </Unit56>
      <Unit57>
        <Filename Value="ENGINE/tars.pas"/>
        <IsPartOfProject Value="True"/>
        <UnitName Value="Tars"/>
      </Unit57>
      <Unit58>
        <Filename Value="ENGINE/guidcommands.pas"/>
        <IsPartOfProject Value="True"/>
        <UnitName Value="GUIDCommands"/>
      </Unit58>
      <Unit59>
        <Filename Value="GENERICS/DelphiGenerics.pas"/>
        <IsPartOfProject Value="True"/>
      </Unit59>
      <Unit60>
        <Filename Value="FORMS/waitform.pas"/>
        <IsPartOfProject Value="True"/>
        <ComponentName Value="FormWait"/>
        <HasResources Value="True"/>
        <ResourceBaseClass Value="Form"/>
        <UnitName Value="WaitForm"/>
      </Unit60>
    </Units>
  </ProjectOptions>
  <CompilerOptions>
    <Version Value="11"/>
    <Target>
      <Filename Value="CryptoChat"/>
    </Target>
    <SearchPaths>
      <IncludeFiles Value="$(ProjOutDir);SYNAPSE/source/lib;GENERICS/src/inc;GENERICS/Generic"/>
      <OtherUnitFiles Value="Frames;FRAMES;ENGINE;SQLITEWRAPPER;FORMS;SYNAPSE/source/lib;GENERICS/src;GENERICS/Specialized;GENERICS/Additional;GENERICS"/>
      <UnitOutputDirectory Value="lib/$(TargetCPU)-$(TargetOS)"/>
    </SearchPaths>
    <Linking>
      <Options>
        <Win32>
          <GraphicApplication Value="True"/>
        </Win32>
      </Options>
    </Linking>
  </CompilerOptions>
  <Debugging>
    <Exceptions Count="3">
      <Item1>
        <Name Value="EAbort"/>
      </Item1>
      <Item2>
        <Name Value="ECodetoolError"/>
      </Item2>
      <Item3>
        <Name Value="EFOpenError"/>
      </Item3>
    </Exceptions>
  </Debugging>
</CONFIG>
