<?xml version="1.0" encoding="UTF-8"?>
<CONFIG>
  <ProjectOptions>
    <Version Value="9"/>
    <General>
      <SessionStorage Value="InProjectDir"/>
      <MainUnit Value="0"/>
      <Title Value="CryptoChat"/>
      <ResourceType Value="res"/>
      <UseXPManifest Value="True"/>
      <Icon Value="0"/>
    </General>
    <i18n>
      <EnableI18N LFM="False"/>
    </i18n>
    <VersionInfo>
      <StringTable ProductVersion=""/>
    </VersionInfo>
    <BuildModes Count="1">
      <Item1 Name="Default" Default="True"/>
    </BuildModes>
    <PublishOptions>
      <Version Value="2"/>
    </PublishOptions>
    <RunParams>
      <local>
        <FormatVersion Value="1"/>
      </local>
    </RunParams>
    <RequiredPackages Count="2">
      <Item1>
        <PackageName Value="pl_richmemo"/>
      </Item1>
      <Item2>
        <PackageName Value="LCL"/>
      </Item2>
    </RequiredPackages>
    <Units Count="11">
      <Unit0>
        <Filename Value="CryptoChat.lpr"/>
        <IsPartOfProject Value="True"/>
      </Unit0>
      <Unit1>
        <Filename Value="main.pas"/>
        <IsPartOfProject Value="True"/>
        <ComponentName Value="MainForm"/>
        <HasResources Value="True"/>
        <ResourceBaseClass Value="Form"/>
        <UnitName Value="Main"/>
      </Unit1>
      <Unit2>
        <Filename Value="FRAMES/framelogin.pas"/>
        <IsPartOfProject Value="True"/>
        <ComponentName Value="FrameLogin"/>
        <HasResources Value="True"/>
        <ResourceBaseClass Value="Frame"/>
        <UnitName Value="FrameLogin"/>
      </Unit2>
      <Unit3>
        <Filename Value="FRAMES/frameofferregisteruser.pas"/>
        <IsPartOfProject Value="True"/>
        <ComponentName Value="FrameOfferRegisterUser"/>
        <HasResources Value="True"/>
        <ResourceBaseClass Value="Frame"/>
      </Unit3>
      <Unit4>
        <Filename Value="FRAMES/frameregisteruser.pas"/>
        <IsPartOfProject Value="True"/>
        <ComponentName Value="FrameRegisterUser"/>
        <HasResources Value="True"/>
        <ResourceBaseClass Value="Frame"/>
        <UnitName Value="FrameRegisterUser"/>
      </Unit4>
      <Unit5>
        <Filename Value="ENGINE/engine.databases.pas"/>
        <IsPartOfProject Value="True"/>
        <UnitName Value="Engine.DataBases"/>
      </Unit5>
      <Unit6>
        <Filename Value="SQLITEWRAPPER/SQLite3.pas"/>
        <IsPartOfProject Value="True"/>
      </Unit6>
      <Unit7>
        <Filename Value="SQLITEWRAPPER/SQLite3Utils.pas"/>
        <IsPartOfProject Value="True"/>
      </Unit7>
      <Unit8>
        <Filename Value="SQLITEWRAPPER/SQLite3Wrap.pas"/>
        <IsPartOfProject Value="True"/>
      </Unit8>
      <Unit9>
        <Filename Value="FRAMES/framedialogs.pas"/>
        <IsPartOfProject Value="True"/>
        <ComponentName Value="FrameWithDialogs"/>
        <HasResources Value="True"/>
        <ResourceBaseClass Value="Frame"/>
        <UnitName Value="FrameDialogs"/>
      </Unit9>
      <Unit10>
        <Filename Value="FORMS/addfrienddlg.pas"/>
        <IsPartOfProject Value="True"/>
        <ComponentName Value="FormAddFriend"/>
        <ResourceBaseClass Value="Form"/>
        <UnitName Value="AddFriendDlg"/>
      </Unit10>
    </Units>
  </ProjectOptions>
  <CompilerOptions>
    <Version Value="11"/>
    <Target>
      <Filename Value="CryptoChat"/>
    </Target>
    <SearchPaths>
      <IncludeFiles Value="$(ProjOutDir)"/>
      <OtherUnitFiles Value="Frames;FRAMES;ENGINE;SQLITEWRAPPER;FORMS"/>
      <UnitOutputDirectory Value="lib/$(TargetCPU)-$(TargetOS)"/>
    </SearchPaths>
    <Linking>
      <Options>
        <Win32>
          <GraphicApplication Value="True"/>
        </Win32>
      </Options>
    </Linking>
  </CompilerOptions>
  <Debugging>
    <Exceptions Count="3">
      <Item1>
        <Name Value="EAbort"/>
      </Item1>
      <Item2>
        <Name Value="ECodetoolError"/>
      </Item2>
      <Item3>
        <Name Value="EFOpenError"/>
      </Item3>
    </Exceptions>
  </Debugging>
</CONFIG>
